
Microsoft Visual Studio Solution File, Format Version 12.00
# Visual Studio Version 16
VisualStudioVersion = 16.0.29609.76
MinimumVisualStudioVersion = 10.0.40219.1
Project("{FAE04EC0-301F-11D3-BF4B-00C04F79EFBC}") = "LojaCL", "LojaCL.csproj", "{A2744134-DB65-4E37-A9E2-C596026A413F}"
EndProject
Global
	GlobalSection(SolutionConfigurationPlatforms) = preSolution
		Debug|Any CPU = Debug|Any CPU
		Release|Any CPU = Release|Any CPU
	EndGlobalSection
	GlobalSection(ProjectConfigurationPlatforms) = postSolution
		{A2744134-DB65-4E37-A9E2-C596026A413F}.Debug|Any CPU.ActiveCfg = Debug|Any CPU
		{A2744134-DB65-4E37-A9E2-C596026A413F}.Debug|Any CPU.Build.0 = Debug|Any CPU
		{A2744134-DB65-4E37-A9E2-C596026A413F}.Release|Any CPU.ActiveCfg = Release|Any CPU
		{A2744134-DB65-4E37-A9E2-C596026A413F}.Release|Any CPU.Build.0 = Release|Any CPU
	EndGlobalSection
	GlobalSection(SolutionProperties) = preSolution
		HideSolutionNode = FALSE
	EndGlobalSection
	GlobalSection(ExtensibilityGlobals) = postSolution
		SolutionGuid = {49E40B14-CE13-4D67-9DC5-6F4C3FC400F1}
	EndGlobalSection
EndGlobal
